
Microsoft Visual Studio Solution File, Format Version 12.00
# Visual Studio Version 17
VisualStudioVersion = 17.2.32616.157
MinimumVisualStudioVersion = 10.0.40219.1
Project("{FAE04EC0-301F-11D3-BF4B-00C04F79EFBC}") = "ScaleDownEventHubs", "ScaleDownEventHubs\ScaleDownEventHubs.csproj", "{C8FBE469-8DF8-4C7B-BEFC-341D897189DB}"
EndProject
Global
	GlobalSection(SolutionConfigurationPlatforms) = preSolution
		Debug|Any CPU = Debug|Any CPU
		Release|Any CPU = Release|Any CPU
	EndGlobalSection
	GlobalSection(ProjectConfigurationPlatforms) = postSolution
		{C8FBE469-8DF8-4C7B-BEFC-341D897189DB}.Debug|Any CPU.ActiveCfg = Debug|Any CPU
		{C8FBE469-8DF8-4C7B-BEFC-341D897189DB}.Debug|Any CPU.Build.0 = Debug|Any CPU
		{C8FBE469-8DF8-4C7B-BEFC-341D897189DB}.Release|Any CPU.ActiveCfg = Release|Any CPU
		{C8FBE469-8DF8-4C7B-BEFC-341D897189DB}.Release|Any CPU.Build.0 = Release|Any CPU
	EndGlobalSection
	GlobalSection(SolutionProperties) = preSolution
		HideSolutionNode = FALSE
	EndGlobalSection
	GlobalSection(ExtensibilityGlobals) = postSolution
		SolutionGuid = {9592055B-0637-4B97-BFC1-314985532D5E}
	EndGlobalSection
EndGlobal
